Microsoft Visual Studio Solution File, Format Version 12.00
# Visual Studio Version 17
VisualStudioVersion = 17.5.2.0
MinimumVisualStudioVersion = 10.0.40219.1
Project("{FAE04EC0-301F-11D3-BF4B-00C04F79EFBC}") = "53608Assembler", "53608Assembler.csproj", "{5D179420-B925-E124-3607-1DDC9156E5FD}"
EndProject
Global
	GlobalSection(SolutionConfigurationPlatforms) = preSolution
		Debug|Any CPU = Debug|Any CPU
		Release|Any CPU = Release|Any CPU
	EndGlobalSection
	GlobalSection(ProjectConfigurationPlatforms) = postSolution
		{5D179420-B925-E124-3607-1DDC9156E5FD}.Debug|Any CPU.ActiveCfg = Debug|Any CPU
		{5D179420-B925-E124-3607-1DDC9156E5FD}.Debug|Any CPU.Build.0 = Debug|Any CPU
		{5D179420-B925-E124-3607-1DDC9156E5FD}.Release|Any CPU.ActiveCfg = Release|Any CPU
		{5D179420-B925-E124-3607-1DDC9156E5FD}.Release|Any CPU.Build.0 = Release|Any CPU
	EndGlobalSection
	GlobalSection(SolutionProperties) = preSolution
		HideSolutionNode = FALSE
	EndGlobalSection
	GlobalSection(ExtensibilityGlobals) = postSolution
		SolutionGuid = {3943C256-9035-4905-AF2D-4E5E37EE415C}
	EndGlobalSection
EndGlobal
